// !$*UTF8*$!
{
	archiveVersion = 1;
	classes = {
	};
	objectVersion = 55;
	objects = {

/* Begin PBXBuildFile section */
		379EA1782CE33F4E00F1F4D6 /* AppDelegate.swift in Sources */ = {isa = PBXBuildFile; fileRef = 379EA1772CE33F4E00F1F4D6 /* AppDelegate.swift */; };
		379EA17A2CE33F4E00F1F4D6 /* SceneDelegate.swift in Sources */ = {isa = PBXBuildFile; fileRef = 379EA1792CE33F4E00F1F4D6 /* SceneDelegate.swift */; };
		379EA17C2CE33F4E00F1F4D6 /* ViewController.swift in Sources */ = {isa = PBXBuildFile; fileRef = 379EA17B2CE33F4E00F1F4D6 /* ViewController.swift */; };
		379EA17F2CE33F4E00F1F4D6 /* Main.storyboard in Resources */ = {isa = PBXBuildFile; fileRef = 379EA17D2CE33F4E00F1F4D6 /* Main.storyboard */; };
		379EA1822CE33F4E00F1F4D6 /* SwiftDemo.xcdatamodeld in Sources */ = {isa = PBXBuildFile; fileRef = 379EA1802CE33F4E00F1F4D6 /* SwiftDemo.xcdatamodeld */; };
		379EA1842CE33F4F00F1F4D6 /* Assets.xcassets in Resources */ = {isa = PBXBuildFile; fileRef = 379EA1832CE33F4F00F1F4D6 /* Assets.xcassets */; };
		379EA1872CE33F4F00F1F4D6 /* LaunchScreen.storyboard in Resources */ = {isa = PBXBuildFile; fileRef = 379EA1852CE33F4F00F1F4D6 /* LaunchScreen.storyboard */; };
		379EA1922CE33F4F00F1F4D6 /* SwiftDemoTests.swift in Sources */ = {isa = PBXBuildFile; fileRef = 379EA1912CE33F4F00F1F4D6 /* SwiftDemoTests.swift */; };
		379EA19C2CE33F4F00F1F4D6 /* SwiftDemoUITests.swift in Sources */ = {isa = PBXBuildFile; fileRef = 379EA19B2CE33F4F00F1F4D6 /* SwiftDemoUITests.swift */; };
		379EA19E2CE33F4F00F1F4D6 /* SwiftDemoUITestsLaunchTests.swift in Sources */ = {isa = PBXBuildFile; fileRef = 379EA19D2CE33F4F00F1F4D6 /* SwiftDemoUITestsLaunchTests.swift */; };
		A17CF6752CE6ED5D00EBCD18 /* TestStringClass.swift in Sources */ = {isa = PBXBuildFile; fileRef = A17CF6742CE6ED5D00EBCD18 /* TestStringClass.swift */; };
		A1C23D742D6C1F5F00D46145 /* SDRuntimeDemo.swift in Sources */ = {isa = PBXBuildFile; fileRef = A1C23D732D6C1F5F00D46145 /* SDRuntimeDemo.swift */; };
/* End PBXBuildFile section */

/* Begin PBXContainerItemProxy section */
		379EA18E2CE33F4F00F1F4D6 /* PBXContainerItemProxy */ = {
			isa = PBXContainerItemProxy;
			containerPortal = 379EA16C2CE33F4D00F1F4D6 /* Project object */;
			proxyType = 1;
			remoteGlobalIDString = 379EA1732CE33F4D00F1F4D6;
			remoteInfo = SwiftDemo;
		};
		379EA1982CE33F4F00F1F4D6 /* PBXContainerItemProxy */ = {
			isa = PBXContainerItemProxy;
			containerPortal = 379EA16C2CE33F4D00F1F4D6 /* Project object */;
			proxyType = 1;
			remoteGlobalIDString = 379EA1732CE33F4D00F1F4D6;
			remoteInfo = SwiftDemo;
		};
/* End PBXContainerItemProxy section */

/* Begin PBXFileReference section */
		379EA1742CE33F4E00F1F4D6 /* SwiftDemo.app */ = {isa = PBXFileReference; explicitFileType = wrapper.application; includeInIndex = 0; path = SwiftDemo.app; sourceTree = BUILT_PRODUCTS_DIR; };
		379EA1772CE33F4E00F1F4D6 /* AppDelegate.swift */ = {isa = PBXFileReference; lastKnownFileType = sourcecode.swift; path = AppDelegate.swift; sourceTree = "<group>"; };
		379EA1792CE33F4E00F1F4D6 /* SceneDelegate.swift */ = {isa = PBXFileReference; lastKnownFileType = sourcecode.swift; path = SceneDelegate.swift; sourceTree = "<group>"; };
		379EA17B2CE33F4E00F1F4D6 /* ViewController.swift */ = {isa = PBXFileReference; lastKnownFileType = sourcecode.swift; path = ViewController.swift; sourceTree = "<group>"; };
		379EA17E2CE33F4E00F1F4D6 /* Base */ = {isa = PBXFileReference; lastKnownFileType = file.storyboard; name = Base; path = Base.lproj/Main.storyboard; sourceTree = "<group>"; };
		379EA1812CE33F4E00F1F4D6 /* SwiftDemo.xcdatamodel */ = {isa = PBXFileReference; lastKnownFileType = wrapper.xcdatamodel; path = SwiftDemo.xcdatamodel; sourceTree = "<group>"; };
		379EA1832CE33F4F00F1F4D6 /* Assets.xcassets */ = {isa = PBXFileReference; lastKnownFileType = folder.assetcatalog; path = Assets.xcassets; sourceTree = "<group>"; };
		379EA1862CE33F4F00F1F4D6 /* Base */ = {isa = PBXFileReference; lastKnownFileType = file.storyboard; name = Base; path = Base.lproj/LaunchScreen.storyboard; sourceTree = "<group>"; };
		379EA1882CE33F4F00F1F4D6 /* Info.plist */ = {isa = PBXFileReference; lastKnownFileType = text.plist.xml; path = Info.plist; sourceTree = "<group>"; };
		379EA18D2CE33F4F00F1F4D6 /* SwiftDemoTests.xctest */ = {isa = PBXFileReference; explicitFileType = wrapper.cfbundle; includeInIndex = 0; path = SwiftDemoTests.xctest; sourceTree = BUILT_PRODUCTS_DIR; };
		379EA1912CE33F4F00F1F4D6 /* SwiftDemoTests.swift */ = {isa = PBXFileReference; lastKnownFileType = sourcecode.swift; path = SwiftDemoTests.swift; sourceTree = "<group>"; };
		379EA1972CE33F4F00F1F4D6 /* SwiftDemoUITests.xctest */ = {isa = PBXFileReference; explicitFileType = wrapper.cfbundle; includeInIndex = 0; path = SwiftDemoUITests.xctest; sourceTree = BUILT_PRODUCTS_DIR; };
		379EA19B2CE33F4F00F1F4D6 /* SwiftDemoUITests.swift */ = {isa = PBXFileReference; lastKnownFileType = sourcecode.swift; path = SwiftDemoUITests.swift; sourceTree = "<group>"; };
		379EA19D2CE33F4F00F1F4D6 /* SwiftDemoUITestsLaunchTests.swift */ = {isa = PBXFileReference; lastKnownFileType = sourcecode.swift; path = SwiftDemoUITestsLaunchTests.swift; sourceTree = "<group>"; };
		A17CF6742CE6ED5D00EBCD18 /* TestStringClass.swift */ = {isa = PBXFileReference; lastKnownFileType = sourcecode.swift; path = TestStringClass.swift; sourceTree = "<group>"; };
		A1C23D732D6C1F5F00D46145 /* SDRuntimeDemo.swift */ = {isa = PBXFileReference; lastKnownFileType = sourcecode.swift; path = SDRuntimeDemo.swift; sourceTree = "<group>"; };
/* End PBXFileReference section */

/* Begin PBXFrameworksBuildPhase section */
		379EA1712CE33F4D00F1F4D6 /* Frameworks */ = {
			isa = PBXFrameworksBuildPhase;
			buildActionMask = 2147483647;
			files = (
			);
			runOnlyForDeploymentPostprocessing = 0;
		};
		379EA18A2CE33F4F00F1F4D6 /* Frameworks */ = {
			isa = PBXFrameworksBuildPhase;
			buildActionMask = 2147483647;
			files = (
			);
			runOnlyForDeploymentPostprocessing = 0;
		};
		379EA1942CE33F4F00F1F4D6 /* Frameworks */ = {
			isa = PBXFrameworksBuildPhase;
			buildActionMask = 2147483647;
			files = (
			);
			runOnlyForDeploymentPostprocessing = 0;
		};
/* End PBXFrameworksBuildPhase section */

/* Begin PBXGroup section */
		379EA16B2CE33F4D00F1F4D6 = {
			isa = PBXGroup;
			children = (
				379EA1762CE33F4E00F1F4D6 /* SwiftDemo */,
				379EA1902CE33F4F00F1F4D6 /* SwiftDemoTests */,
				379EA19A2CE33F4F00F1F4D6 /* SwiftDemoUITests */,
				379EA1752CE33F4E00F1F4D6 /* Products */,
			);
			sourceTree = "<group>";
		};
		379EA1752CE33F4E00F1F4D6 /* Products */ = {
			isa = PBXGroup;
			children = (
				379EA1742CE33F4E00F1F4D6 /* SwiftDemo.app */,
				379EA18D2CE33F4F00F1F4D6 /* SwiftDemoTests.xctest */,
				379EA1972CE33F4F00F1F4D6 /* SwiftDemoUITests.xctest */,
			);
			name = Products;
			sourceTree = "<group>";
		};
		379EA1762CE33F4E00F1F4D6 /* SwiftDemo */ = {
			isa = PBXGroup;
			children = (
				379EA1772CE33F4E00F1F4D6 /* AppDelegate.swift */,
				379EA1792CE33F4E00F1F4D6 /* SceneDelegate.swift */,
				379EA17B2CE33F4E00F1F4D6 /* ViewController.swift */,
				379EA17D2CE33F4E00F1F4D6 /* Main.storyboard */,
				379EA1832CE33F4F00F1F4D6 /* Assets.xcassets */,
				379EA1852CE33F4F00F1F4D6 /* LaunchScreen.storyboard */,
				379EA1882CE33F4F00F1F4D6 /* Info.plist */,
				379EA1802CE33F4E00F1F4D6 /* SwiftDemo.xcdatamodeld */,
				A17CF6742CE6ED5D00EBCD18 /* TestStringClass.swift */,
				A1C23D732D6C1F5F00D46145 /* SDRuntimeDemo.swift */,
			);
			path = SwiftDemo;
			sourceTree = "<group>";
		};
		379EA1902CE33F4F00F1F4D6 /* SwiftDemoTests */ = {
			isa = PBXGroup;
			children = (
				379EA1912CE33F4F00F1F4D6 /* SwiftDemoTests.swift */,
			);
			path = SwiftDemoTests;
			sourceTree = "<group>";
		};
		379EA19A2CE33F4F00F1F4D6 /* SwiftDemoUITests */ = {
			isa = PBXGroup;
			children = (
				379EA19B2CE33F4F00F1F4D6 /* SwiftDemoUITests.swift */,
				379EA19D2CE33F4F00F1F4D6 /* SwiftDemoUITestsLaunchTests.swift */,
			);
			path = SwiftDemoUITests;
			sourceTree = "<group>";
		};
/* End PBXGroup section */

/* Begin PBXNativeTarget section */
		379EA1732CE33F4D00F1F4D6 /* SwiftDemo */ = {
			isa = PBXNativeTarget;
			buildConfigurationList = 379EA1A12CE33F4F00F1F4D6 /* Build configuration list for PBXNativeTarget "SwiftDemo" */;
			buildPhases = (
				379EA1702CE33F4D00F1F4D6 /* Sources */,
				379EA1712CE33F4D00F1F4D6 /* Frameworks */,
				379EA1722CE33F4D00F1F4D6 /* Resources */,
			);
			buildRules = (
			);
			dependencies = (
			);
			name = SwiftDemo;
			productName = SwiftDemo;
			productReference = 379EA1742CE33F4E00F1F4D6 /* SwiftDemo.app */;
			productType = "com.apple.product-type.application";
		};
		379EA18C2CE33F4F00F1F4D6 /* SwiftDemoTests */ = {
			isa = PBXNativeTarget;
			buildConfigurationList = 379EA1A42CE33F4F00F1F4D6 /* Build configuration list for PBXNativeTarget "SwiftDemoTests" */;
			buildPhases = (
				379EA1892CE33F4F00F1F4D6 /* Sources */,
				379EA18A2CE33F4F00F1F4D6 /* Frameworks */,
				379EA18B2CE33F4F00F1F4D6 /* Resources */,
			);
			buildRules = (
			);
			dependencies = (
				379EA18F2CE33F4F00F1F4D6 /* PBXTargetDependency */,
			);
			name = SwiftDemoTests;
			productName = SwiftDemoTests;
			productReference = 379EA18D2CE33F4F00F1F4D6 /* SwiftDemoTests.xctest */;
			productType = "com.apple.product-type.bundle.unit-test";
		};
		379EA1962CE33F4F00F1F4D6 /* SwiftDemoUITests */ = {
			isa = PBXNativeTarget;
			buildConfigurationList = 379EA1A72CE33F4F00F1F4D6 /* Build configuration list for PBXNativeTarget "SwiftDemoUITests" */;
			buildPhases = (
				379EA1932CE33F4F00F1F4D6 /* Sources */,
				379EA1942CE33F4F00F1F4D6 /* Frameworks */,
				379EA1952CE33F4F00F1F4D6 /* Resources */,
			);
			buildRules = (
			);
			dependencies = (
				379EA1992CE33F4F00F1F4D6 /* PBXTargetDependency */,
			);
			name = SwiftDemoUITests;
			productName = SwiftDemoUITests;
			productReference = 379EA1972CE33F4F00F1F4D6 /* SwiftDemoUITests.xctest */;
			productType = "com.apple.product-type.bundle.ui-testing";
		};
/* End PBXNativeTarget section */

/* Begin PBXProject section */
		379EA16C2CE33F4D00F1F4D6 /* Project object */ = {
			isa = PBXProject;
			attributes = {
				BuildIndependentTargetsInParallel = 1;
				LastSwiftUpdateCheck = 1320;
				LastUpgradeCheck = 1320;
				TargetAttributes = {
					379EA1732CE33F4D00F1F4D6 = {
						CreatedOnToolsVersion = 13.2.1;
					};
					379EA18C2CE33F4F00F1F4D6 = {
						CreatedOnToolsVersion = 13.2.1;
						TestTargetID = 379EA1732CE33F4D00F1F4D6;
					};
					379EA1962CE33F4F00F1F4D6 = {
						CreatedOnToolsVersion = 13.2.1;
						TestTargetID = 379EA1732CE33F4D00F1F4D6;
					};
				};
			};
			buildConfigurationList = 379EA16F2CE33F4D00F1F4D6 /* Build configuration list for PBXProject "SwiftDemo" */;
			compatibilityVersion = "Xcode 13.0";
			developmentRegion = en;
			hasScannedForEncodings = 0;
			knownRegions = (
				en,
				Base,
			);
			mainGroup = 379EA16B2CE33F4D00F1F4D6;
			productRefGroup = 379EA1752CE33F4E00F1F4D6 /* Products */;
			projectDirPath = "";
			projectRoot = "";
			targets = (
				379EA1732CE33F4D00F1F4D6 /* SwiftDemo */,
				379EA18C2CE33F4F00F1F4D6 /* SwiftDemoTests */,
				379EA1962CE33F4F00F1F4D6 /* SwiftDemoUITests */,
			);
		};
/* End PBXProject section */

/* Begin PBXResourcesBuildPhase section */
		379EA1722CE33F4D00F1F4D6 /* Resources */ = {
			isa = PBXResourcesBuildPhase;
			buildActionMask = 2147483647;
			files = (
				379EA1872CE33F4F00F1F4D6 /* LaunchScreen.storyboard in Resources */,
				379EA1842CE33F4F00F1F4D6 /* Assets.xcassets in Resources */,
				379EA17F2CE33F4E00F1F4D6 /* Main.storyboard in Resources */,
			);
			runOnlyForDeploymentPostprocessing = 0;
		};
		379EA18B2CE33F4F00F1F4D6 /* Resources */ = {
			isa = PBXResourcesBuildPhase;
			buildActionMask = 2147483647;
			files = (
			);
			runOnlyForDeploymentPostprocessing = 0;
		};
		379EA1952CE33F4F00F1F4D6 /* Resources */ = {
			isa = PBXResourcesBuildPhase;
			buildActionMask = 2147483647;
			files = (
			);
			runOnlyForDeploymentPostprocessing = 0;
		};
/* End PBXResourcesBuildPhase section */

/* Begin PBXSourcesBuildPhase section */
		379EA1702CE33F4D00F1F4D6 /* Sources */ = {
			isa = PBXSourcesBuildPhase;
			buildActionMask = 2147483647;
			files = (
				A1C23D742D6C1F5F00D46145 /* SDRuntimeDemo.swift in Sources */,
				379EA1822CE33F4E00F1F4D6 /* SwiftDemo.xcdatamodeld in Sources */,
				379EA17C2CE33F4E00F1F4D6 /* ViewController.swift in Sources */,
				379EA1782CE33F4E00F1F4D6 /* AppDelegate.swift in Sources */,
				379EA17A2CE33F4E00F1F4D6 /* SceneDelegate.swift in Sources */,
				A17CF6752CE6ED5D00EBCD18 /* TestStringClass.swift in Sources */,
			);
			runOnlyForDeploymentPostprocessing = 0;
		};
		379EA1892CE33F4F00F1F4D6 /* Sources */ = {
			isa = PBXSourcesBuildPhase;
			buildActionMask = 2147483647;
			files = (
				379EA1922CE33F4F00F1F4D6 /* SwiftDemoTests.swift in Sources */,
			);
			runOnlyForDeploymentPostprocessing = 0;
		};
		379EA1932CE33F4F00F1F4D6 /* Sources */ = {
			isa = PBXSourcesBuildPhase;
			buildActionMask = 2147483647;
			files = (
				379EA19C2CE33F4F00F1F4D6 /* SwiftDemoUITests.swift in Sources */,
				379EA19E2CE33F4F00F1F4D6 /* SwiftDemoUITestsLaunchTests.swift in Sources */,
			);
			runOnlyForDeploymentPostprocessing = 0;
		};
/* End PBXSourcesBuildPhase section */

/* Begin PBXTargetDependency section */
		379EA18F2CE33F4F00F1F4D6 /* PBXTargetDependency */ = {
			isa = PBXTargetDependency;
			target = 379EA1732CE33F4D00F1F4D6 /* SwiftDemo */;
			targetProxy = 379EA18E2CE33F4F00F1F4D6 /* PBXContainerItemProxy */;
		};
		379EA1992CE33F4F00F1F4D6 /* PBXTargetDependency */ = {
			isa = PBXTargetDependency;
			target = 379EA1732CE33F4D00F1F4D6 /* SwiftDemo */;
			targetProxy = 379EA1982CE33F4F00F1F4D6 /* PBXContainerItemProxy */;
		};
/* End PBXTargetDependency section */

/* Begin PBXVariantGroup section */
		379EA17D2CE33F4E00F1F4D6 /* Main.storyboard */ = {
			isa = PBXVariantGroup;
			children = (
				379EA17E2CE33F4E00F1F4D6 /* Base */,
			);
			name = Main.storyboard;
			sourceTree = "<group>";
		};
		379EA1852CE33F4F00F1F4D6 /* LaunchScreen.storyboard */ = {
			isa = PBXVariantGroup;
			children = (
				379EA1862CE33F4F00F1F4D6 /* Base */,
			);
			name = LaunchScreen.storyboard;
			sourceTree = "<group>";
		};
/* End PBXVariantGroup section */

/* Begin XCBuildConfiguration section */
		379EA19F2CE33F4F00F1F4D6 /* Debug */ = {
			isa = XCBuildConfiguration;
			buildSettings = {
				ALWAYS_SEARCH_USER_PATHS = NO;
				CLANG_ANALYZER_NONNULL = YES;
				CLANG_ANALYZER_NUMBER_OBJECT_CONVERSION = YES_AGGRESSIVE;
				CLANG_CXX_LANGUAGE_STANDARD = "gnu++17";
				CLANG_CXX_LIBRARY = "libc++";
				CLANG_ENABLE_MODULES = YES;
				CLANG_ENABLE_OBJC_ARC = YES;
				CLANG_ENABLE_OBJC_WEAK = YES;
				CLANG_WARN_BLOCK_CAPTURE_AUTORELEASING = YES;
				CLANG_WARN_BOOL_CONVERSION = YES;
				CLANG_WARN_COMMA = YES;
				CLANG_WARN_CONSTANT_CONVERSION = YES;
				CLANG_WARN_DEPRECATED_OBJC_IMPLEMENTATIONS = YES;
				CLANG_WARN_DIRECT_OBJC_ISA_USAGE = YES_ERROR;
				CLANG_WARN_DOCUMENTATION_COMMENTS = YES;
				CLANG_WARN_EMPTY_BODY = YES;
				CLANG_WARN_ENUM_CONVERSION = YES;
				CLANG_WARN_INFINITE_RECURSION = YES;
				CLANG_WARN_INT_CONVERSION = YES;
				CLANG_WARN_NON_LITERAL_NULL_CONVERSION = YES;
				CLANG_WARN_OBJC_IMPLICIT_RETAIN_SELF = YES;
				CLANG_WARN_OBJC_LITERAL_CONVERSION = YES;
				CLANG_WARN_OBJC_ROOT_CLASS = YES_ERROR;
				CLANG_WARN_QUOTED_INCLUDE_IN_FRAMEWORK_HEADER = YES;
				CLANG_WARN_RANGE_LOOP_ANALYSIS = YES;
				CLANG_WARN_STRICT_PROTOTYPES = YES;
				CLANG_WARN_SUSPICIOUS_MOVE = YES;
				CLANG_WARN_UNGUARDED_AVAILABILITY = YES_AGGRESSIVE;
				CLANG_WARN_UNREACHABLE_CODE = YES;
				CLANG_WARN__DUPLICATE_METHOD_MATCH = YES;
				COPY_PHASE_STRIP = NO;
				DEBUG_INFORMATION_FORMAT = dwarf;
				ENABLE_STRICT_OBJC_MSGSEND = YES;
				ENABLE_TESTABILITY = YES;
				GCC_C_LANGUAGE_STANDARD = gnu11;
				GCC_DYNAMIC_NO_PIC = NO;
				GCC_NO_COMMON_BLOCKS = YES;
				GCC_OPTIMIZATION_LEVEL = 0;
				GCC_PREPROCESSOR_DEFINITIONS = (
					"DEBUG=1",
					"$(inherited)",
				);
				GCC_WARN_64_TO_32_BIT_CONVERSION = YES;
				GCC_WARN_ABOUT_RETURN_TYPE = YES_ERROR;
				GCC_WARN_UNDECLARED_SELECTOR = YES;
				GCC_WARN_UNINITIALIZED_AUTOS = YES_AGGRESSIVE;
				GCC_WARN_UNUSED_FUNCTION = YES;
				GCC_WARN_UNUSED_VARIABLE = YES;
				IPHONEOS_DEPLOYMENT_TARGET = 15.2;
				MTL_ENABLE_DEBUG_INFO = INCLUDE_SOURCE;
				MTL_FAST_MATH = YES;
				ONLY_ACTIVE_ARCH = YES;
				SDKROOT = iphoneos;
				SWIFT_ACTIVE_COMPILATION_CONDITIONS = DEBUG;
				SWIFT_OPTIMIZATION_LEVEL = "-Onone";
			};
			name = Debug;
		};
		379EA1A02CE33F4F00F1F4D6 /* Release */ = {
			isa = XCBuildConfiguration;
			buildSettings = {
				ALWAYS_SEARCH_USER_PATHS = NO;
				CLANG_ANALYZER_NONNULL = YES;
				CLANG_ANALYZER_NUMBER_OBJECT_CONVERSION = YES_AGGRESSIVE;
				CLANG_CXX_LANGUAGE_STANDARD = "gnu++17";
				CLANG_CXX_LIBRARY = "libc++";
				CLANG_ENABLE_MODULES = YES;
				CLANG_ENABLE_OBJC_ARC = YES;
				CLANG_ENABLE_OBJC_WEAK = YES;
				CLANG_WARN_BLOCK_CAPTURE_AUTORELEASING = YES;
				CLANG_WARN_BOOL_CONVERSION = YES;
				CLANG_WARN_COMMA = YES;
				CLANG_WARN_CONSTANT_CONVERSION = YES;
				CLANG_WARN_DEPRECATED_OBJC_IMPLEMENTATIONS = YES;
				CLANG_WARN_DIRECT_OBJC_ISA_USAGE = YES_ERROR;
				CLANG_WARN_DOCUMENTATION_COMMENTS = YES;
				CLANG_WARN_EMPTY_BODY = YES;
				CLANG_WARN_ENUM_CONVERSION = YES;
				CLANG_WARN_INFINITE_RECURSION = YES;
				CLANG_WARN_INT_CONVERSION = YES;
				CLANG_WARN_NON_LITERAL_NULL_CONVERSION = YES;
				CLANG_WARN_OBJC_IMPLICIT_RETAIN_SELF = YES;
				CLANG_WARN_OBJC_LITERAL_CONVERSION = YES;
				CLANG_WARN_OBJC_ROOT_CLASS = YES_ERROR;
				CLANG_WARN_QUOTED_INCLUDE_IN_FRAMEWORK_HEADER = YES;
				CLANG_WARN_RANGE_LOOP_ANALYSIS = YES;
				CLANG_WARN_STRICT_PROTOTYPES = YES;
				CLANG_WARN_SUSPICIOUS_MOVE = YES;
				CLANG_WARN_UNGUARDED_AVAILABILITY = YES_AGGRESSIVE;
				CLANG_WARN_UNREACHABLE_CODE = YES;
				CLANG_WARN__DUPLICATE_METHOD_MATCH = YES;
				COPY_PHASE_STRIP = NO;
				DEBUG_INFORMATION_FORMAT = "dwarf-with-dsym";
				ENABLE_NS_ASSERTIONS = NO;
				ENABLE_STRICT_OBJC_MSGSEND = YES;
				GCC_C_LANGUAGE_STANDARD = gnu11;
				GCC_NO_COMMON_BLOCKS = YES;
				GCC_WARN_64_TO_32_BIT_CONVERSION = YES;
				GCC_WARN_ABOUT_RETURN_TYPE = YES_ERROR;
				GCC_WARN_UNDECLARED_SELECTOR = YES;
				GCC_WARN_UNINITIALIZED_AUTOS = YES_AGGRESSIVE;
				GCC_WARN_UNUSED_FUNCTION = YES;
				GCC_WARN_UNUSED_VARIABLE = YES;
				IPHONEOS_DEPLOYMENT_TARGET = 15.2;
				MTL_ENABLE_DEBUG_INFO = NO;
				MTL_FAST_MATH = YES;
				SDKROOT = iphoneos;
				SWIFT_COMPILATION_MODE = wholemodule;
				SWIFT_OPTIMIZATION_LEVEL = "-O";
				VALIDATE_PRODUCT = YES;
			};
			name = Release;
		};
		379EA1A22CE33F4F00F1F4D6 /* Debug */ = {
			isa = XCBuildConfiguration;
			buildSettings = {
				ASSETCATALOG_COMPILER_APPICON_NAME = AppIcon;
				ASSETCATALOG_COMPILER_GLOBAL_ACCENT_COLOR_NAME = AccentColor;
				CODE_SIGN_STYLE = Automatic;
				CURRENT_PROJECT_VERSION = 1;
				GENERATE_INFOPLIST_FILE = YES;
				INFOPLIST_FILE = SwiftDemo/Info.plist;
				INFOPLIST_KEY_UIApplicationSupportsIndirectInputEvents = YES;
				INFOPLIST_KEY_UILaunchStoryboardName = LaunchScreen;
				INFOPLIST_KEY_UIMainStoryboardFile = Main;
				INFOPLIST_KEY_UISupportedInterfaceOrientations_iPad = "UIInterfaceOrientationPortrait UIInterfaceOrientationPortraitUpsideDown UIInterfaceOrientationLandscapeLeft UIInterfaceOrientationLandscapeRight";
				INFOPLIST_KEY_UISupportedInterfaceOrientations_iPhone = "UIInterfaceOrientationPortrait UIInterfaceOrientationLandscapeLeft UIInterfaceOrientationLandscapeRight";
				LD_RUNPATH_SEARCH_PATHS = (
					"$(inherited)",
					"@executable_path/Frameworks",
				);
				MARKETING_VERSION = 1.0;
				PRODUCT_BUNDLE_IDENTIFIER = com.yangfuliang.SwiftDemo;
				PRODUCT_NAME = "$(TARGET_NAME)";
				SWIFT_EMIT_LOC_STRINGS = YES;
				SWIFT_VERSION = 5.0;
				TARGETED_DEVICE_FAMILY = "1,2";
			};
			name = Debug;
		};
		379EA1A32CE33F4F00F1F4D6 /* Release */ = {
			isa = XCBuildConfiguration;
			buildSettings = {
				ASSETCATALOG_COMPILER_APPICON_NAME = AppIcon;
				ASSETCATALOG_COMPILER_GLOBAL_ACCENT_COLOR_NAME = AccentColor;
				CODE_SIGN_STYLE = Automatic;
				CURRENT_PROJECT_VERSION = 1;
				GENERATE_INFOPLIST_FILE = YES;
				INFOPLIST_FILE = SwiftDemo/Info.plist;
				INFOPLIST_KEY_UIApplicationSupportsIndirectInputEvents = YES;
				INFOPLIST_KEY_UILaunchStoryboardName = LaunchScreen;
				INFOPLIST_KEY_UIMainStoryboardFile = Main;
				INFOPLIST_KEY_UISupportedInterfaceOrientations_iPad = "UIInterfaceOrientationPortrait UIInterfaceOrientationPortraitUpsideDown UIInterfaceOrientationLandscapeLeft UIInterfaceOrientationLandscapeRight";
				INFOPLIST_KEY_UISupportedInterfaceOrientations_iPhone = "UIInterfaceOrientationPortrait UIInterfaceOrientationLandscapeLeft UIInterfaceOrientationLandscapeRight";
				LD_RUNPATH_SEARCH_PATHS = (
					"$(inherited)",
					"@executable_path/Frameworks",
				);
				MARKETING_VERSION = 1.0;
				PRODUCT_BUNDLE_IDENTIFIER = com.yangfuliang.SwiftDemo;
				PRODUCT_NAME = "$(TARGET_NAME)";
				SWIFT_EMIT_LOC_STRINGS = YES;
				SWIFT_VERSION = 5.0;
				TARGETED_DEVICE_FAMILY = "1,2";
			};
			name = Release;
		};
		379EA1A52CE33F4F00F1F4D6 /* Debug */ = {
			isa = XCBuildConfiguration;
			buildSettings = {
				ALWAYS_EMBED_SWIFT_STANDARD_LIBRARIES = YES;
				BUNDLE_LOADER = "$(TEST_HOST)";
				CODE_SIGN_STYLE = Automatic;
				CURRENT_PROJECT_VERSION = 1;
				GENERATE_INFOPLIST_FILE = YES;
				IPHONEOS_DEPLOYMENT_TARGET = 15.2;
				MARKETING_VERSION = 1.0;
				PRODUCT_BUNDLE_IDENTIFIER = com.yangfuliang.SwiftDemoTests;
				PRODUCT_NAME = "$(TARGET_NAME)";
				SWIFT_EMIT_LOC_STRINGS = NO;
				SWIFT_VERSION = 5.0;
				TARGETED_DEVICE_FAMILY = "1,2";
				TEST_HOST = "$(BUILT_PRODUCTS_DIR)/SwiftDemo.app/SwiftDemo";
			};
			name = Debug;
		};
		379EA1A62CE33F4F00F1F4D6 /* Release */ = {
			isa = XCBuildConfiguration;
			buildSettings = {
				ALWAYS_EMBED_SWIFT_STANDARD_LIBRARIES = YES;
				BUNDLE_LOADER = "$(TEST_HOST)";
				CODE_SIGN_STYLE = Automatic;
				CURRENT_PROJECT_VERSION = 1;
				GENERATE_INFOPLIST_FILE = YES;
				IPHONEOS_DEPLOYMENT_TARGET = 15.2;
				MARKETING_VERSION = 1.0;
				PRODUCT_BUNDLE_IDENTIFIER = com.yangfuliang.SwiftDemoTests;
				PRODUCT_NAME = "$(TARGET_NAME)";
				SWIFT_EMIT_LOC_STRINGS = NO;
				SWIFT_VERSION = 5.0;
				TARGETED_DEVICE_FAMILY = "1,2";
				TEST_HOST = "$(BUILT_PRODUCTS_DIR)/SwiftDemo.app/SwiftDemo";
			};
			name = Release;
		};
		379EA1A82CE33F4F00F1F4D6 /* Debug */ = {
			isa = XCBuildConfiguration;
			buildSettings = {
				ALWAYS_EMBED_SWIFT_STANDARD_LIBRARIES = YES;
				CODE_SIGN_STYLE = Automatic;
				CURRENT_PROJECT_VERSION = 1;
				GENERATE_INFOPLIST_FILE = YES;
				MARKETING_VERSION = 1.0;
				PRODUCT_BUNDLE_IDENTIFIER = com.yangfuliang.SwiftDemoUITests;
				PRODUCT_NAME = "$(TARGET_NAME)";
				SWIFT_EMIT_LOC_STRINGS = NO;
				SWIFT_VERSION = 5.0;
				TARGETED_DEVICE_FAMILY = "1,2";
				TEST_TARGET_NAME = SwiftDemo;
			};
			name = Debug;
		};
		379EA1A92CE33F4F00F1F4D6 /* Release */ = {
			isa = XCBuildConfiguration;
			buildSettings = {
				ALWAYS_EMBED_SWIFT_STANDARD_LIBRARIES = YES;
				CODE_SIGN_STYLE = Automatic;
				CURRENT_PROJECT_VERSION = 1;
				GENERATE_INFOPLIST_FILE = YES;
				MARKETING_VERSION = 1.0;
				PRODUCT_BUNDLE_IDENTIFIER = com.yangfuliang.SwiftDemoUITests;
				PRODUCT_NAME = "$(TARGET_NAME)";
				SWIFT_EMIT_LOC_STRINGS = NO;
				SWIFT_VERSION = 5.0;
				TARGETED_DEVICE_FAMILY = "1,2";
				TEST_TARGET_NAME = SwiftDemo;
			};
			name = Release;
		};
/* End XCBuildConfiguration section */

/* Begin XCConfigurationList section */
		379EA16F2CE33F4D00F1F4D6 /* Build configuration list for PBXProject "SwiftDemo" */ = {
			isa = XCConfigurationList;
			buildConfigurations = (
				379EA19F2CE33F4F00F1F4D6 /* Debug */,
				379EA1A02CE33F4F00F1F4D6 /* Release */,
			);
			defaultConfigurationIsVisible = 0;
			defaultConfigurationName = Release;
		};
		379EA1A12CE33F4F00F1F4D6 /* Build configuration list for PBXNativeTarget "SwiftDemo" */ = {
			isa = XCConfigurationList;
			buildConfigurations = (
				379EA1A22CE33F4F00F1F4D6 /* Debug */,
				379EA1A32CE33F4F00F1F4D6 /* Release */,
			);
			defaultConfigurationIsVisible = 0;
			defaultConfigurationName = Release;
		};
		379EA1A42CE33F4F00F1F4D6 /* Build configuration list for PBXNativeTarget "SwiftDemoTests" */ = {
			isa = XCConfigurationList;
			buildConfigurations = (
				379EA1A52CE33F4F00F1F4D6 /* Debug */,
				379EA1A62CE33F4F00F1F4D6 /* Release */,
			);
			defaultConfigurationIsVisible = 0;
			defaultConfigurationName = Release;
		};
		379EA1A72CE33F4F00F1F4D6 /* Build configuration list for PBXNativeTarget "SwiftDemoUITests" */ = {
			isa = XCConfigurationList;
			buildConfigurations = (
				379EA1A82CE33F4F00F1F4D6 /* Debug */,
				379EA1A92CE33F4F00F1F4D6 /* Release */,
			);
			defaultConfigurationIsVisible = 0;
			defaultConfigurationName = Release;
		};
/* End XCConfigurationList section */

/* Begin XCVersionGroup section */
		379EA1802CE33F4E00F1F4D6 /* SwiftDemo.xcdatamodeld */ = {
			isa = XCVersionGroup;
			children = (
				379EA1812CE33F4E00F1F4D6 /* SwiftDemo.xcdatamodel */,
			);
			currentVersion = 379EA1812CE33F4E00F1F4D6 /* SwiftDemo.xcdatamodel */;
			path = SwiftDemo.xcdatamodeld;
			sourceTree = "<group>";
			versionGroupType = wrapper.xcdatamodel;
		};
/* End XCVersionGroup section */
	};
	rootObject = 379EA16C2CE33F4D00F1F4D6 /* Project object */;
}
